// !$*UTF8*$!
{
	archiveVersion = 1;
	classes = {
	};
	objectVersion = 55;
	objects = {

/* Begin PBXBuildFile section */
		4891454B28326C2A00E1A418 /* NasaPODAppApp.swift in Sources */ = {isa = PBXBuildFile; fileRef = 4891454A28326C2A00E1A418 /* NasaPODAppApp.swift */; };
		4891454F28326C2B00E1A418 /* Assets.xcassets in Resources */ = {isa = PBXBuildFile; fileRef = 4891454E28326C2B00E1A418 /* Assets.xcassets */; };
		4891455228326C2B00E1A418 /* Preview Assets.xcassets in Resources */ = {isa = PBXBuildFile; fileRef = 4891455128326C2B00E1A418 /* Preview Assets.xcassets */; };
		4891455428326C2B00E1A418 /* Persistence.swift in Sources */ = {isa = PBXBuildFile; fileRef = 4891455328326C2B00E1A418 /* Persistence.swift */; };
		4891455728326C2B00E1A418 /* NasaPODApp.xcdatamodeld in Sources */ = {isa = PBXBuildFile; fileRef = 4891455528326C2B00E1A418 /* NasaPODApp.xcdatamodeld */; };
		4891456128326C2B00E1A418 /* NasaPODAppTests.swift in Sources */ = {isa = PBXBuildFile; fileRef = 4891456028326C2B00E1A418 /* NasaPODAppTests.swift */; };
		4891456B28326C2B00E1A418 /* NasaPODAppUITests.swift in Sources */ = {isa = PBXBuildFile; fileRef = 4891456A28326C2B00E1A418 /* NasaPODAppUITests.swift */; };
		4891456D28326C2B00E1A418 /* NasaPODAppUITestsLaunchTests.swift in Sources */ = {isa = PBXBuildFile; fileRef = 4891456C28326C2B00E1A418 /* NasaPODAppUITestsLaunchTests.swift */; };
		4891457E28327A2D00E1A418 /* PODContentView.swift in Sources */ = {isa = PBXBuildFile; fileRef = 4891457D28327A2D00E1A418 /* PODContentView.swift */; };
		4891458028327B6300E1A418 /* HTTPClient.swift in Sources */ = {isa = PBXBuildFile; fileRef = 4891457F28327B6300E1A418 /* HTTPClient.swift */; };
		4891458228327C9100E1A418 /* NasaPODResponse.swift in Sources */ = {isa = PBXBuildFile; fileRef = 4891458128327C9100E1A418 /* NasaPODResponse.swift */; };
/* End PBXBuildFile section */

/* Begin PBXContainerItemProxy section */
		4891455D28326C2B00E1A418 /* PBXContainerItemProxy */ = {
			isa = PBXContainerItemProxy;
			containerPortal = 4891453F28326C2A00E1A418 /* Project object */;
			proxyType = 1;
			remoteGlobalIDString = 4891454628326C2A00E1A418;
			remoteInfo = NasaPODApp;
		};
		4891456728326C2B00E1A418 /* PBXContainerItemProxy */ = {
			isa = PBXContainerItemProxy;
			containerPortal = 4891453F28326C2A00E1A418 /* Project object */;
			proxyType = 1;
			remoteGlobalIDString = 4891454628326C2A00E1A418;
			remoteInfo = NasaPODApp;
		};
/* End PBXContainerItemProxy section */

/* Begin PBXFileReference section */
		4891454728326C2A00E1A418 /* NasaPODApp.app */ = {isa = PBXFileReference; explicitFileType = wrapper.application; includeInIndex = 0; path = NasaPODApp.app; sourceTree = BUILT_PRODUCTS_DIR; };
		4891454A28326C2A00E1A418 /* NasaPODAppApp.swift */ = {isa = PBXFileReference; lastKnownFileType = sourcecode.swift; path = NasaPODAppApp.swift; sourceTree = "<group>"; };
		4891454E28326C2B00E1A418 /* Assets.xcassets */ = {isa = PBXFileReference; lastKnownFileType = folder.assetcatalog; path = Assets.xcassets; sourceTree = "<group>"; };
		4891455128326C2B00E1A418 /* Preview Assets.xcassets */ = {isa = PBXFileReference; lastKnownFileType = folder.assetcatalog; path = "Preview Assets.xcassets"; sourceTree = "<group>"; };
		4891455328326C2B00E1A418 /* Persistence.swift */ = {isa = PBXFileReference; lastKnownFileType = sourcecode.swift; path = Persistence.swift; sourceTree = "<group>"; };
		4891455628326C2B00E1A418 /* NasaPODApp.xcdatamodel */ = {isa = PBXFileReference; lastKnownFileType = wrapper.xcdatamodel; path = NasaPODApp.xcdatamodel; sourceTree = "<group>"; };
		4891455C28326C2B00E1A418 /* NasaPODAppTests.xctest */ = {isa = PBXFileReference; explicitFileType = wrapper.cfbundle; includeInIndex = 0; path = NasaPODAppTests.xctest; sourceTree = BUILT_PRODUCTS_DIR; };
		4891456028326C2B00E1A418 /* NasaPODAppTests.swift */ = {isa = PBXFileReference; lastKnownFileType = sourcecode.swift; path = NasaPODAppTests.swift; sourceTree = "<group>"; };
		4891456628326C2B00E1A418 /* NasaPODAppUITests.xctest */ = {isa = PBXFileReference; explicitFileType = wrapper.cfbundle; includeInIndex = 0; path = NasaPODAppUITests.xctest; sourceTree = BUILT_PRODUCTS_DIR; };
		4891456A28326C2B00E1A418 /* NasaPODAppUITests.swift */ = {isa = PBXFileReference; lastKnownFileType = sourcecode.swift; path = NasaPODAppUITests.swift; sourceTree = "<group>"; };
		4891456C28326C2B00E1A418 /* NasaPODAppUITestsLaunchTests.swift */ = {isa = PBXFileReference; lastKnownFileType = sourcecode.swift; path = NasaPODAppUITestsLaunchTests.swift; sourceTree = "<group>"; };
		4891457D28327A2D00E1A418 /* PODContentView.swift */ = {isa = PBXFileReference; lastKnownFileType = sourcecode.swift; path = PODContentView.swift; sourceTree = "<group>"; };
		4891457F28327B6300E1A418 /* HTTPClient.swift */ = {isa = PBXFileReference; lastKnownFileType = sourcecode.swift; path = HTTPClient.swift; sourceTree = "<group>"; };
		4891458128327C9100E1A418 /* NasaPODResponse.swift */ = {isa = PBXFileReference; lastKnownFileType = sourcecode.swift; path = NasaPODResponse.swift; sourceTree = "<group>"; };
/* End PBXFileReference section */

/* Begin PBXFrameworksBuildPhase section */
		4891454428326C2A00E1A418 /* Frameworks */ = {
			isa = PBXFrameworksBuildPhase;
			buildActionMask = 2147483647;
			files = (
			);
			runOnlyForDeploymentPostprocessing = 0;
		};
		4891455928326C2B00E1A418 /* Frameworks */ = {
			isa = PBXFrameworksBuildPhase;
			buildActionMask = 2147483647;
			files = (
			);
			runOnlyForDeploymentPostprocessing = 0;
		};
		4891456328326C2B00E1A418 /* Frameworks */ = {
			isa = PBXFrameworksBuildPhase;
			buildActionMask = 2147483647;
			files = (
			);
			runOnlyForDeploymentPostprocessing = 0;
		};
/* End PBXFrameworksBuildPhase section */

/* Begin PBXGroup section */
		4891453E28326C2A00E1A418 = {
			isa = PBXGroup;
			children = (
				4891454928326C2A00E1A418 /* NasaPODApp */,
				4891455F28326C2B00E1A418 /* NasaPODAppTests */,
				4891456928326C2B00E1A418 /* NasaPODAppUITests */,
				4891454828326C2A00E1A418 /* Products */,
			);
			sourceTree = "<group>";
		};
		4891454828326C2A00E1A418 /* Products */ = {
			isa = PBXGroup;
			children = (
				4891454728326C2A00E1A418 /* NasaPODApp.app */,
				4891455C28326C2B00E1A418 /* NasaPODAppTests.xctest */,
				4891456628326C2B00E1A418 /* NasaPODAppUITests.xctest */,
			);
			name = Products;
			sourceTree = "<group>";
		};
		4891454928326C2A00E1A418 /* NasaPODApp */ = {
			isa = PBXGroup;
			children = (
				4891457C283279F900E1A418 /* Utility */,
				4891457B283279F300E1A418 /* Model */,
				4891457A283279E600E1A418 /* ViewModel */,
				48914579283279E000E1A418 /* View */,
				4891454A28326C2A00E1A418 /* NasaPODAppApp.swift */,
				4891454E28326C2B00E1A418 /* Assets.xcassets */,
				4891455328326C2B00E1A418 /* Persistence.swift */,
				4891455528326C2B00E1A418 /* NasaPODApp.xcdatamodeld */,
				4891455028326C2B00E1A418 /* Preview Content */,
			);
			path = NasaPODApp;
			sourceTree = "<group>";
		};
		4891455028326C2B00E1A418 /* Preview Content */ = {
			isa = PBXGroup;
			children = (
				4891455128326C2B00E1A418 /* Preview Assets.xcassets */,
			);
			path = "Preview Content";
			sourceTree = "<group>";
		};
		4891455F28326C2B00E1A418 /* NasaPODAppTests */ = {
			isa = PBXGroup;
			children = (
				4891456028326C2B00E1A418 /* NasaPODAppTests.swift */,
			);
			path = NasaPODAppTests;
			sourceTree = "<group>";
		};
		4891456928326C2B00E1A418 /* NasaPODAppUITests */ = {
			isa = PBXGroup;
			children = (
				4891456A28326C2B00E1A418 /* NasaPODAppUITests.swift */,
				4891456C28326C2B00E1A418 /* NasaPODAppUITestsLaunchTests.swift */,
			);
			path = NasaPODAppUITests;
			sourceTree = "<group>";
		};
		48914579283279E000E1A418 /* View */ = {
			isa = PBXGroup;
			children = (
				4891457D28327A2D00E1A418 /* PODContentView.swift */,
			);
			path = View;
			sourceTree = "<group>";
		};
		4891457A283279E600E1A418 /* ViewModel */ = {
			isa = PBXGroup;
			children = (
			);
			path = ViewModel;
			sourceTree = "<group>";
		};
		4891457B283279F300E1A418 /* Model */ = {
			isa = PBXGroup;
			children = (
				4891458128327C9100E1A418 /* NasaPODResponse.swift */,
			);
			path = Model;
			sourceTree = "<group>";
		};
		4891457C283279F900E1A418 /* Utility */ = {
			isa = PBXGroup;
			children = (
				4891457F28327B6300E1A418 /* HTTPClient.swift */,
			);
			path = Utility;
			sourceTree = "<group>";
		};
/* End PBXGroup section */

/* Begin PBXNativeTarget section */
		4891454628326C2A00E1A418 /* NasaPODApp */ = {
			isa = PBXNativeTarget;
			buildConfigurationList = 4891457028326C2B00E1A418 /* Build configuration list for PBXNativeTarget "NasaPODApp" */;
			buildPhases = (
				4891454328326C2A00E1A418 /* Sources */,
				4891454428326C2A00E1A418 /* Frameworks */,
				4891454528326C2A00E1A418 /* Resources */,
			);
			buildRules = (
			);
			dependencies = (
			);
			name = NasaPODApp;
			productName = NasaPODApp;
			productReference = 4891454728326C2A00E1A418 /* NasaPODApp.app */;
			productType = "com.apple.product-type.application";
		};
		4891455B28326C2B00E1A418 /* NasaPODAppTests */ = {
			isa = PBXNativeTarget;
			buildConfigurationList = 4891457328326C2B00E1A418 /* Build configuration list for PBXNativeTarget "NasaPODAppTests" */;
			buildPhases = (
				4891455828326C2B00E1A418 /* Sources */,
				4891455928326C2B00E1A418 /* Frameworks */,
				4891455A28326C2B00E1A418 /* Resources */,
			);
			buildRules = (
			);
			dependencies = (
				4891455E28326C2B00E1A418 /* PBXTargetDependency */,
			);
			name = NasaPODAppTests;
			productName = NasaPODAppTests;
			productReference = 4891455C28326C2B00E1A418 /* NasaPODAppTests.xctest */;
			productType = "com.apple.product-type.bundle.unit-test";
		};
		4891456528326C2B00E1A418 /* NasaPODAppUITests */ = {
			isa = PBXNativeTarget;
			buildConfigurationList = 4891457628326C2B00E1A418 /* Build configuration list for PBXNativeTarget "NasaPODAppUITests" */;
			buildPhases = (
				4891456228326C2B00E1A418 /* Sources */,
				4891456328326C2B00E1A418 /* Frameworks */,
				4891456428326C2B00E1A418 /* Resources */,
			);
			buildRules = (
			);
			dependencies = (
				4891456828326C2B00E1A418 /* PBXTargetDependency */,
			);
			name = NasaPODAppUITests;
			productName = NasaPODAppUITests;
			productReference = 4891456628326C2B00E1A418 /* NasaPODAppUITests.xctest */;
			productType = "com.apple.product-type.bundle.ui-testing";
		};
/* End PBXNativeTarget section */

/* Begin PBXProject section */
		4891453F28326C2A00E1A418 /* Project object */ = {
			isa = PBXProject;
			attributes = {
				BuildIndependentTargetsInParallel = 1;
				LastSwiftUpdateCheck = 1330;
				LastUpgradeCheck = 1330;
				TargetAttributes = {
					4891454628326C2A00E1A418 = {
						CreatedOnToolsVersion = 13.3.1;
					};
					4891455B28326C2B00E1A418 = {
						CreatedOnToolsVersion = 13.3.1;
						TestTargetID = 4891454628326C2A00E1A418;
					};
					4891456528326C2B00E1A418 = {
						CreatedOnToolsVersion = 13.3.1;
						TestTargetID = 4891454628326C2A00E1A418;
					};
				};
			};
			buildConfigurationList = 4891454228326C2A00E1A418 /* Build configuration list for PBXProject "NasaPODApp" */;
			compatibilityVersion = "Xcode 13.0";
			developmentRegion = en;
			hasScannedForEncodings = 0;
			knownRegions = (
				en,
				Base,
			);
			mainGroup = 4891453E28326C2A00E1A418;
			productRefGroup = 4891454828326C2A00E1A418 /* Products */;
			projectDirPath = "";
			projectRoot = "";
			targets = (
				4891454628326C2A00E1A418 /* NasaPODApp */,
				4891455B28326C2B00E1A418 /* NasaPODAppTests */,
				4891456528326C2B00E1A418 /* NasaPODAppUITests */,
			);
		};
/* End PBXProject section */

/* Begin PBXResourcesBuildPhase section */
		4891454528326C2A00E1A418 /* Resources */ = {
			isa = PBXResourcesBuildPhase;
			buildActionMask = 2147483647;
			files = (
				4891455228326C2B00E1A418 /* Preview Assets.xcassets in Resources */,
				4891454F28326C2B00E1A418 /* Assets.xcassets in Resources */,
			);
			runOnlyForDeploymentPostprocessing = 0;
		};
		4891455A28326C2B00E1A418 /* Resources */ = {
			isa = PBXResourcesBuildPhase;
			buildActionMask = 2147483647;
			files = (
			);
			runOnlyForDeploymentPostprocessing = 0;
		};
		4891456428326C2B00E1A418 /* Resources */ = {
			isa = PBXResourcesBuildPhase;
			buildActionMask = 2147483647;
			files = (
			);
			runOnlyForDeploymentPostprocessing = 0;
		};
/* End PBXResourcesBuildPhase section */

/* Begin PBXSourcesBuildPhase section */
		4891454328326C2A00E1A418 /* Sources */ = {
			isa = PBXSourcesBuildPhase;
			buildActionMask = 2147483647;
			files = (
				4891455428326C2B00E1A418 /* Persistence.swift in Sources */,
				4891458028327B6300E1A418 /* HTTPClient.swift in Sources */,
				4891457E28327A2D00E1A418 /* PODContentView.swift in Sources */,
				4891455728326C2B00E1A418 /* NasaPODApp.xcdatamodeld in Sources */,
				4891454B28326C2A00E1A418 /* NasaPODAppApp.swift in Sources */,
				4891458228327C9100E1A418 /* NasaPODResponse.swift in Sources */,
			);
			runOnlyForDeploymentPostprocessing = 0;
		};
		4891455828326C2B00E1A418 /* Sources */ = {
			isa = PBXSourcesBuildPhase;
			buildActionMask = 2147483647;
			files = (
				4891456128326C2B00E1A418 /* NasaPODAppTests.swift in Sources */,
			);
			runOnlyForDeploymentPostprocessing = 0;
		};
		4891456228326C2B00E1A418 /* Sources */ = {
			isa = PBXSourcesBuildPhase;
			buildActionMask = 2147483647;
			files = (
				4891456B28326C2B00E1A418 /* NasaPODAppUITests.swift in Sources */,
				4891456D28326C2B00E1A418 /* NasaPODAppUITestsLaunchTests.swift in Sources */,
			);
			runOnlyForDeploymentPostprocessing = 0;
		};
/* End PBXSourcesBuildPhase section */

/* Begin PBXTargetDependency section */
		4891455E28326C2B00E1A418 /* PBXTargetDependency */ = {
			isa = PBXTargetDependency;
			target = 4891454628326C2A00E1A418 /* NasaPODApp */;
			targetProxy = 4891455D28326C2B00E1A418 /* PBXContainerItemProxy */;
		};
		4891456828326C2B00E1A418 /* PBXTargetDependency */ = {
			isa = PBXTargetDependency;
			target = 4891454628326C2A00E1A418 /* NasaPODApp */;
			targetProxy = 4891456728326C2B00E1A418 /* PBXContainerItemProxy */;
		};
/* End PBXTargetDependency section */

/* Begin XCBuildConfiguration section */
		4891456E28326C2B00E1A418 /* Debug */ = {
			isa = XCBuildConfiguration;
			buildSettings = {
				ALWAYS_SEARCH_USER_PATHS = NO;
				CLANG_ANALYZER_NONNULL = YES;
				CLANG_ANALYZER_NUMBER_OBJECT_CONVERSION = YES_AGGRESSIVE;
				CLANG_CXX_LANGUAGE_STANDARD = "gnu++17";
				CLANG_ENABLE_MODULES = YES;
				CLANG_ENABLE_OBJC_ARC = YES;
				CLANG_ENABLE_OBJC_WEAK = YES;
				CLANG_WARN_BLOCK_CAPTURE_AUTORELEASING = YES;
				CLANG_WARN_BOOL_CONVERSION = YES;
				CLANG_WARN_COMMA = YES;
				CLANG_WARN_CONSTANT_CONVERSION = YES;
				CLANG_WARN_DEPRECATED_OBJC_IMPLEMENTATIONS = YES;
				CLANG_WARN_DIRECT_OBJC_ISA_USAGE = YES_ERROR;
				CLANG_WARN_DOCUMENTATION_COMMENTS = YES;
				CLANG_WARN_EMPTY_BODY = YES;
				CLANG_WARN_ENUM_CONVERSION = YES;
				CLANG_WARN_INFINITE_RECURSION = YES;
				CLANG_WARN_INT_CONVERSION = YES;
				CLANG_WARN_NON_LITERAL_NULL_CONVERSION = YES;
				CLANG_WARN_OBJC_IMPLICIT_RETAIN_SELF = YES;
				CLANG_WARN_OBJC_LITERAL_CONVERSION = YES;
				CLANG_WARN_OBJC_ROOT_CLASS = YES_ERROR;
				CLANG_WARN_QUOTED_INCLUDE_IN_FRAMEWORK_HEADER = YES;
				CLANG_WARN_RANGE_LOOP_ANALYSIS = YES;
				CLANG_WARN_STRICT_PROTOTYPES = YES;
				CLANG_WARN_SUSPICIOUS_MOVE = YES;
				CLANG_WARN_UNGUARDED_AVAILABILITY = YES_AGGRESSIVE;
				CLANG_WARN_UNREACHABLE_CODE = YES;
				CLANG_WARN__DUPLICATE_METHOD_MATCH = YES;
				COPY_PHASE_STRIP = NO;
				DEBUG_INFORMATION_FORMAT = dwarf;
				ENABLE_STRICT_OBJC_MSGSEND = YES;
				ENABLE_TESTABILITY = YES;
				GCC_C_LANGUAGE_STANDARD = gnu11;
				GCC_DYNAMIC_NO_PIC = NO;
				GCC_NO_COMMON_BLOCKS = YES;
				GCC_OPTIMIZATION_LEVEL = 0;
				GCC_PREPROCESSOR_DEFINITIONS = (
					"DEBUG=1",
					"$(inherited)",
				);
				GCC_WARN_64_TO_32_BIT_CONVERSION = YES;
				GCC_WARN_ABOUT_RETURN_TYPE = YES_ERROR;
				GCC_WARN_UNDECLARED_SELECTOR = YES;
				GCC_WARN_UNINITIALIZED_AUTOS = YES_AGGRESSIVE;
				GCC_WARN_UNUSED_FUNCTION = YES;
				GCC_WARN_UNUSED_VARIABLE = YES;
				IPHONEOS_DEPLOYMENT_TARGET = 15.4;
				MTL_ENABLE_DEBUG_INFO = INCLUDE_SOURCE;
				MTL_FAST_MATH = YES;
				ONLY_ACTIVE_ARCH = YES;
				SDKROOT = iphoneos;
				SWIFT_ACTIVE_COMPILATION_CONDITIONS = DEBUG;
				SWIFT_OPTIMIZATION_LEVEL = "-Onone";
			};
			name = Debug;
		};
		4891456F28326C2B00E1A418 /* Release */ = {
			isa = XCBuildConfiguration;
			buildSettings = {
				ALWAYS_SEARCH_USER_PATHS = NO;
				CLANG_ANALYZER_NONNULL = YES;
				CLANG_ANALYZER_NUMBER_OBJECT_CONVERSION = YES_AGGRESSIVE;
				CLANG_CXX_LANGUAGE_STANDARD = "gnu++17";
				CLANG_ENABLE_MODULES = YES;
				CLANG_ENABLE_OBJC_ARC = YES;
				CLANG_ENABLE_OBJC_WEAK = YES;
				CLANG_WARN_BLOCK_CAPTURE_AUTORELEASING = YES;
				CLANG_WARN_BOOL_CONVERSION = YES;
				CLANG_WARN_COMMA = YES;
				CLANG_WARN_CONSTANT_CONVERSION = YES;
				CLANG_WARN_DEPRECATED_OBJC_IMPLEMENTATIONS = YES;
				CLANG_WARN_DIRECT_OBJC_ISA_USAGE = YES_ERROR;
				CLANG_WARN_DOCUMENTATION_COMMENTS = YES;
				CLANG_WARN_EMPTY_BODY = YES;
				CLANG_WARN_ENUM_CONVERSION = YES;
				CLANG_WARN_INFINITE_RECURSION = YES;
				CLANG_WARN_INT_CONVERSION = YES;
				CLANG_WARN_NON_LITERAL_NULL_CONVERSION = YES;
				CLANG_WARN_OBJC_IMPLICIT_RETAIN_SELF = YES;
				CLANG_WARN_OBJC_LITERAL_CONVERSION = YES;
				CLANG_WARN_OBJC_ROOT_CLASS = YES_ERROR;
				CLANG_WARN_QUOTED_INCLUDE_IN_FRAMEWORK_HEADER = YES;
				CLANG_WARN_RANGE_LOOP_ANALYSIS = YES;
				CLANG_WARN_STRICT_PROTOTYPES = YES;
				CLANG_WARN_SUSPICIOUS_MOVE = YES;
				CLANG_WARN_UNGUARDED_AVAILABILITY = YES_AGGRESSIVE;
				CLANG_WARN_UNREACHABLE_CODE = YES;
				CLANG_WARN__DUPLICATE_METHOD_MATCH = YES;
				COPY_PHASE_STRIP = NO;
				DEBUG_INFORMATION_FORMAT = "dwarf-with-dsym";
				ENABLE_NS_ASSERTIONS = NO;
				ENABLE_STRICT_OBJC_MSGSEND = YES;
				GCC_C_LANGUAGE_STANDARD = gnu11;
				GCC_NO_COMMON_BLOCKS = YES;
				GCC_WARN_64_TO_32_BIT_CONVERSION = YES;
				GCC_WARN_ABOUT_RETURN_TYPE = YES_ERROR;
				GCC_WARN_UNDECLARED_SELECTOR = YES;
				GCC_WARN_UNINITIALIZED_AUTOS = YES_AGGRESSIVE;
				GCC_WARN_UNUSED_FUNCTION = YES;
				GCC_WARN_UNUSED_VARIABLE = YES;
				IPHONEOS_DEPLOYMENT_TARGET = 15.4;
				MTL_ENABLE_DEBUG_INFO = NO;
				MTL_FAST_MATH = YES;
				SDKROOT = iphoneos;
				SWIFT_COMPILATION_MODE = wholemodule;
				SWIFT_OPTIMIZATION_LEVEL = "-O";
				VALIDATE_PRODUCT = YES;
			};
			name = Release;
		};
		4891457128326C2B00E1A418 /* Debug */ = {
			isa = XCBuildConfiguration;
			buildSettings = {
				ASSETCATALOG_COMPILER_APPICON_NAME = AppIcon;
				ASSETCATALOG_COMPILER_GLOBAL_ACCENT_COLOR_NAME = AccentColor;
				CODE_SIGN_STYLE = Automatic;
				CURRENT_PROJECT_VERSION = 1;
				DEVELOPMENT_ASSET_PATHS = "\"NasaPODApp/Preview Content\"";
				ENABLE_PREVIEWS = YES;
				GENERATE_INFOPLIST_FILE = YES;
				INFOPLIST_KEY_UIApplicationSceneManifest_Generation = YES;
				INFOPLIST_KEY_UIApplicationSupportsIndirectInputEvents = YES;
				INFOPLIST_KEY_UILaunchScreen_Generation = YES;
				INFOPLIST_KEY_UISupportedInterfaceOrientations_iPad = "UIInterfaceOrientationPortrait UIInterfaceOrientationPortraitUpsideDown UIInterfaceOrientationLandscapeLeft UIInterfaceOrientationLandscapeRight";
				INFOPLIST_KEY_UISupportedInterfaceOrientations_iPhone = "UIInterfaceOrientationPortrait UIInterfaceOrientationLandscapeLeft UIInterfaceOrientationLandscapeRight";
				LD_RUNPATH_SEARCH_PATHS = (
					"$(inherited)",
					"@executable_path/Frameworks",
				);
				MARKETING_VERSION = 1.0;
				PRODUCT_BUNDLE_IDENTIFIER = com.adityaarora.NasaPODApp;
				PRODUCT_NAME = "$(TARGET_NAME)";
				SWIFT_EMIT_LOC_STRINGS = YES;
				SWIFT_VERSION = 5.0;
				TARGETED_DEVICE_FAMILY = "1,2";
			};
			name = Debug;
		};
		4891457228326C2B00E1A418 /* Release */ = {
			isa = XCBuildConfiguration;
			buildSettings = {
				ASSETCATALOG_COMPILER_APPICON_NAME = AppIcon;
				ASSETCATALOG_COMPILER_GLOBAL_ACCENT_COLOR_NAME = AccentColor;
				CODE_SIGN_STYLE = Automatic;
				CURRENT_PROJECT_VERSION = 1;
				DEVELOPMENT_ASSET_PATHS = "\"NasaPODApp/Preview Content\"";
				ENABLE_PREVIEWS = YES;
				GENERATE_INFOPLIST_FILE = YES;
				INFOPLIST_KEY_UIApplicationSceneManifest_Generation = YES;
				INFOPLIST_KEY_UIApplicationSupportsIndirectInputEvents = YES;
				INFOPLIST_KEY_UILaunchScreen_Generation = YES;
				INFOPLIST_KEY_UISupportedInterfaceOrientations_iPad = "UIInterfaceOrientationPortrait UIInterfaceOrientationPortraitUpsideDown UIInterfaceOrientationLandscapeLeft UIInterfaceOrientationLandscapeRight";
				INFOPLIST_KEY_UISupportedInterfaceOrientations_iPhone = "UIInterfaceOrientationPortrait UIInterfaceOrientationLandscapeLeft UIInterfaceOrientationLandscapeRight";
				LD_RUNPATH_SEARCH_PATHS = (
					"$(inherited)",
					"@executable_path/Frameworks",
				);
				MARKETING_VERSION = 1.0;
				PRODUCT_BUNDLE_IDENTIFIER = com.adityaarora.NasaPODApp;
				PRODUCT_NAME = "$(TARGET_NAME)";
				SWIFT_EMIT_LOC_STRINGS = YES;
				SWIFT_VERSION = 5.0;
				TARGETED_DEVICE_FAMILY = "1,2";
			};
			name = Release;
		};
		4891457428326C2B00E1A418 /* Debug */ = {
			isa = XCBuildConfiguration;
			buildSettings = {
				ALWAYS_EMBED_SWIFT_STANDARD_LIBRARIES = YES;
				BUNDLE_LOADER = "$(TEST_HOST)";
				CODE_SIGN_STYLE = Automatic;
				CURRENT_PROJECT_VERSION = 1;
				GENERATE_INFOPLIST_FILE = YES;
				IPHONEOS_DEPLOYMENT_TARGET = 15.4;
				MARKETING_VERSION = 1.0;
				PRODUCT_BUNDLE_IDENTIFIER = com.adityaarora.NasaPODAppTests;
				PRODUCT_NAME = "$(TARGET_NAME)";
				SWIFT_EMIT_LOC_STRINGS = NO;
				SWIFT_VERSION = 5.0;
				TARGETED_DEVICE_FAMILY = "1,2";
				TEST_HOST = "$(BUILT_PRODUCTS_DIR)/NasaPODApp.app/NasaPODApp";
			};
			name = Debug;
		};
		4891457528326C2B00E1A418 /* Release */ = {
			isa = XCBuildConfiguration;
			buildSettings = {
				ALWAYS_EMBED_SWIFT_STANDARD_LIBRARIES = YES;
				BUNDLE_LOADER = "$(TEST_HOST)";
				CODE_SIGN_STYLE = Automatic;
				CURRENT_PROJECT_VERSION = 1;
				GENERATE_INFOPLIST_FILE = YES;
				IPHONEOS_DEPLOYMENT_TARGET = 15.4;
				MARKETING_VERSION = 1.0;
				PRODUCT_BUNDLE_IDENTIFIER = com.adityaarora.NasaPODAppTests;
				PRODUCT_NAME = "$(TARGET_NAME)";
				SWIFT_EMIT_LOC_STRINGS = NO;
				SWIFT_VERSION = 5.0;
				TARGETED_DEVICE_FAMILY = "1,2";
				TEST_HOST = "$(BUILT_PRODUCTS_DIR)/NasaPODApp.app/NasaPODApp";
			};
			name = Release;
		};
		4891457728326C2B00E1A418 /* Debug */ = {
			isa = XCBuildConfiguration;
			buildSettings = {
				ALWAYS_EMBED_SWIFT_STANDARD_LIBRARIES = YES;
				CODE_SIGN_STYLE = Automatic;
				CURRENT_PROJECT_VERSION = 1;
				GENERATE_INFOPLIST_FILE = YES;
				MARKETING_VERSION = 1.0;
				PRODUCT_BUNDLE_IDENTIFIER = com.adityaarora.NasaPODAppUITests;
				PRODUCT_NAME = "$(TARGET_NAME)";
				SWIFT_EMIT_LOC_STRINGS = NO;
				SWIFT_VERSION = 5.0;
				TARGETED_DEVICE_FAMILY = "1,2";
				TEST_TARGET_NAME = NasaPODApp;
			};
			name = Debug;
		};
		4891457828326C2B00E1A418 /* Release */ = {
			isa = XCBuildConfiguration;
			buildSettings = {
				ALWAYS_EMBED_SWIFT_STANDARD_LIBRARIES = YES;
				CODE_SIGN_STYLE = Automatic;
				CURRENT_PROJECT_VERSION = 1;
				GENERATE_INFOPLIST_FILE = YES;
				MARKETING_VERSION = 1.0;
				PRODUCT_BUNDLE_IDENTIFIER = com.adityaarora.NasaPODAppUITests;
				PRODUCT_NAME = "$(TARGET_NAME)";
				SWIFT_EMIT_LOC_STRINGS = NO;
				SWIFT_VERSION = 5.0;
				TARGETED_DEVICE_FAMILY = "1,2";
				TEST_TARGET_NAME = NasaPODApp;
			};
			name = Release;
		};
/* End XCBuildConfiguration section */

/* Begin XCConfigurationList section */
		4891454228326C2A00E1A418 /* Build configuration list for PBXProject "NasaPODApp" */ = {
			isa = XCConfigurationList;
			buildConfigurations = (
				4891456E28326C2B00E1A418 /* Debug */,
				4891456F28326C2B00E1A418 /* Release */,
			);
			defaultConfigurationIsVisible = 0;
			defaultConfigurationName = Release;
		};
		4891457028326C2B00E1A418 /* Build configuration list for PBXNativeTarget "NasaPODApp" */ = {
			isa = XCConfigurationList;
			buildConfigurations = (
				4891457128326C2B00E1A418 /* Debug */,
				4891457228326C2B00E1A418 /* Release */,
			);
			defaultConfigurationIsVisible = 0;
			defaultConfigurationName = Release;
		};
		4891457328326C2B00E1A418 /* Build configuration list for PBXNativeTarget "NasaPODAppTests" */ = {
			isa = XCConfigurationList;
			buildConfigurations = (
				4891457428326C2B00E1A418 /* Debug */,
				4891457528326C2B00E1A418 /* Release */,
			);
			defaultConfigurationIsVisible = 0;
			defaultConfigurationName = Release;
		};
		4891457628326C2B00E1A418 /* Build configuration list for PBXNativeTarget "NasaPODAppUITests" */ = {
			isa = XCConfigurationList;
			buildConfigurations = (
				4891457728326C2B00E1A418 /* Debug */,
				4891457828326C2B00E1A418 /* Release */,
			);
			defaultConfigurationIsVisible = 0;
			defaultConfigurationName = Release;
		};
/* End XCConfigurationList section */

/* Begin XCVersionGroup section */
		4891455528326C2B00E1A418 /* NasaPODApp.xcdatamodeld */ = {
			isa = XCVersionGroup;
			children = (
				4891455628326C2B00E1A418 /* NasaPODApp.xcdatamodel */,
			);
			currentVersion = 4891455628326C2B00E1A418 /* NasaPODApp.xcdatamodel */;
			path = NasaPODApp.xcdatamodeld;
			sourceTree = "<group>";
			versionGroupType = wrapper.xcdatamodel;
		};
/* End XCVersionGroup section */
	};
	rootObject = 4891453F28326C2A00E1A418 /* Project object */;
}
